// !$*UTF8*$!
{
	archiveVersion = 1;
	classes = {
	};
	objectVersion = 46;
	objects = {

/* Begin PBXFileReference section */
		1312FA221D4F838A00214F58 /* Cell.cpp */ = {isa = PBXFileReference; fileEncoding = 4; lastKnownFileType = sourcecode.cpp.cpp; name = Cell.cpp; path = src/Cell.cpp; sourceTree = "<group>"; };
		1312FA231D4F838A00214F58 /* Cell.h */ = {isa = PBXFileReference; fileEncoding = 4; lastKnownFileType = sourcecode.c.h; name = Cell.h; path = src/Cell.h; sourceTree = "<group>"; };
		1312FA241D4F838A00214F58 /* FFT.cpp */ = {isa = PBXFileReference; fileEncoding = 4; lastKnownFileType = sourcecode.cpp.cpp; name = FFT.cpp; path = src/FFT.cpp; sourceTree = "<group>"; };
		1312FA251D4F838A00214F58 /* FFT.h */ = {isa = PBXFileReference; fileEncoding = 4; lastKnownFileType = sourcecode.c.h; name = FFT.h; path = src/FFT.h; sourceTree = "<group>"; };
		1312FA261D4F838A00214F58 /* Group.cpp */ = {isa = PBXFileReference; fileEncoding = 4; lastKnownFileType = sourcecode.cpp.cpp; name = Group.cpp; path = src/Group.cpp; sourceTree = "<group>"; };
		1312FA271D4F838A00214F58 /* Group.h */ = {isa = PBXFileReference; fileEncoding = 4; lastKnownFileType = sourcecode.c.h; name = Group.h; path = src/Group.h; sourceTree = "<group>"; };
		1312FA281D4F838A00214F58 /* Init.cpp */ = {isa = PBXFileReference; fileEncoding = 4; indentWidth = 2; lastKnownFileType = sourcecode.cpp.cpp; name = Init.cpp; path = src/Init.cpp; sourceTree = "<group>"; tabWidth = 2; };
		1312FA291D4F838A00214F58 /* Init.h */ = {isa = PBXFileReference; fileEncoding = 4; lastKnownFileType = sourcecode.c.h; name = Init.h; path = src/Init.h; sourceTree = "<group>"; };
		1312FA2A1D4F838A00214F58 /* Lattice.cpp */ = {isa = PBXFileReference; fileEncoding = 4; lastKnownFileType = sourcecode.cpp.cpp; name = Lattice.cpp; path = src/Lattice.cpp; sourceTree = "<group>"; };
		1312FA2B1D4F838A00214F58 /* Lattice.h */ = {isa = PBXFileReference; fileEncoding = 4; lastKnownFileType = sourcecode.c.h; name = Lattice.h; path = src/Lattice.h; sourceTree = "<group>"; };
		1312FA2C1D4F838A00214F58 /* Matrix.cpp */ = {isa = PBXFileReference; fileEncoding = 4; lastKnownFileType = sourcecode.cpp.cpp; name = Matrix.cpp; path = src/Matrix.cpp; sourceTree = "<group>"; };
		1312FA2D1D4F838A00214F58 /* Matrix.h */ = {isa = PBXFileReference; fileEncoding = 4; lastKnownFileType = sourcecode.c.h; name = Matrix.h; path = src/Matrix.h; sourceTree = "<group>"; };
		1312FA2E1D4F838A00214F58 /* MatrixExp.cpp */ = {isa = PBXFileReference; fileEncoding = 4; lastKnownFileType = sourcecode.cpp.cpp; name = MatrixExp.cpp; path = src/MatrixExp.cpp; sourceTree = "<group>"; };
		1312FA2F1D4F838A00214F58 /* MatrixExp.h */ = {isa = PBXFileReference; fileEncoding = 4; lastKnownFileType = sourcecode.c.h; name = MatrixExp.h; path = src/MatrixExp.h; sourceTree = "<group>"; };
		1312FA301D4F838A00214F58 /* Measure.cpp */ = {isa = PBXFileReference; fileEncoding = 4; lastKnownFileType = sourcecode.cpp.cpp; name = Measure.cpp; path = src/Measure.cpp; sourceTree = "<group>"; };
		1312FA311D4F838A00214F58 /* Measure.h */ = {isa = PBXFileReference; fileEncoding = 4; lastKnownFileType = sourcecode.c.h; name = Measure.h; path = src/Measure.h; sourceTree = "<group>"; };
		1312FA321D4F838A00214F58 /* Parameters.h */ = {isa = PBXFileReference; fileEncoding = 4; indentWidth = 2; lastKnownFileType = sourcecode.c.h; name = Parameters.h; path = src/Parameters.h; sourceTree = "<group>"; tabWidth = 2; };
		1312FA331D4F838A00214F58 /* Random.cpp */ = {isa = PBXFileReference; fileEncoding = 4; lastKnownFileType = sourcecode.cpp.cpp; name = Random.cpp; path = src/Random.cpp; sourceTree = "<group>"; };
		1312FA341D4F838A00214F58 /* Random.h */ = {isa = PBXFileReference; fileEncoding = 4; lastKnownFileType = sourcecode.c.h; name = Random.h; path = src/Random.h; sourceTree = "<group>"; };
		1312FA351D4F838A00214F58 /* Setup.cpp */ = {isa = PBXFileReference; fileEncoding = 4; lastKnownFileType = sourcecode.cpp.cpp; name = Setup.cpp; path = src/Setup.cpp; sourceTree = "<group>"; };
		1312FA361D4F838A00214F58 /* Setup.h */ = {isa = PBXFileReference; fileEncoding = 4; lastKnownFileType = sourcecode.c.h; name = Setup.h; path = src/Setup.h; sourceTree = "<group>"; };
		1312FA371D4F91D000214F58 /* main.cpp */ = {isa = PBXFileReference; fileEncoding = 4; indentWidth = 2; lastKnownFileType = sourcecode.cpp.cpp; path = main.cpp; sourceTree = "<group>"; tabWidth = 2; };
/* End PBXFileReference section */

/* Begin PBXGroup section */
		1312FA171D4F835000214F58 = {
			isa = PBXGroup;
			children = (
				1312FA371D4F91D000214F58 /* main.cpp */,
				1312FA221D4F838A00214F58 /* Cell.cpp */,
				1312FA231D4F838A00214F58 /* Cell.h */,
				1312FA241D4F838A00214F58 /* FFT.cpp */,
				1312FA251D4F838A00214F58 /* FFT.h */,
				1312FA261D4F838A00214F58 /* Group.cpp */,
				1312FA271D4F838A00214F58 /* Group.h */,
				1312FA281D4F838A00214F58 /* Init.cpp */,
				1312FA291D4F838A00214F58 /* Init.h */,
				1312FA2A1D4F838A00214F58 /* Lattice.cpp */,
				1312FA2B1D4F838A00214F58 /* Lattice.h */,
				1312FA2C1D4F838A00214F58 /* Matrix.cpp */,
				1312FA2D1D4F838A00214F58 /* Matrix.h */,
				1312FA2E1D4F838A00214F58 /* MatrixExp.cpp */,
				1312FA2F1D4F838A00214F58 /* MatrixExp.h */,
				1312FA301D4F838A00214F58 /* Measure.cpp */,
				1312FA311D4F838A00214F58 /* Measure.h */,
				1312FA321D4F838A00214F58 /* Parameters.h */,
				1312FA331D4F838A00214F58 /* Random.cpp */,
				1312FA341D4F838A00214F58 /* Random.h */,
				1312FA351D4F838A00214F58 /* Setup.cpp */,
				1312FA361D4F838A00214F58 /* Setup.h */,
			);
			sourceTree = "<group>";
		};
/* End PBXGroup section */

/* Begin PBXLegacyTarget section */
		1312FA1C1D4F835000214F58 /* jimwlk */ = {
			isa = PBXLegacyTarget;
			buildArgumentsString = "$(ACTION)";
			buildConfigurationList = 1312FA1F1D4F835000214F58 /* Build configuration list for PBXLegacyTarget "jimwlk" */;
			buildPhases = (
			);
			buildToolPath = /usr/bin/make;
			dependencies = (
			);
			name = jimwlk;
			passBuildSettingsInEnvironment = 1;
			productName = jimwlk;
		};
/* End PBXLegacyTarget section */

/* Begin PBXProject section */
		1312FA181D4F835000214F58 /* Project object */ = {
			isa = PBXProject;
			attributes = {
				LastUpgradeCheck = 0730;
				ORGANIZATIONNAME = "Heikki Mäntysaari";
				TargetAttributes = {
					1312FA1C1D4F835000214F58 = {
						CreatedOnToolsVersion = 7.3.1;
					};
				};
			};
			buildConfigurationList = 1312FA1B1D4F835000214F58 /* Build configuration list for PBXProject "jimwlk" */;
			compatibilityVersion = "Xcode 3.2";
			developmentRegion = English;
			hasScannedForEncodings = 0;
			knownRegions = (
				en,
			);
			mainGroup = 1312FA171D4F835000214F58;
			projectDirPath = "";
			projectRoot = "";
			targets = (
				1312FA1C1D4F835000214F58 /* jimwlk */,
			);
		};
/* End PBXProject section */

/* Begin XCBuildConfiguration section */
		1312FA1D1D4F835000214F58 /* Debug */ = {
			isa = XCBuildConfiguration;
			buildSettings = {
				ALWAYS_SEARCH_USER_PATHS = NO;
				CLANG_ANALYZER_NONNULL = YES;
				CLANG_CXX_LANGUAGE_STANDARD = "gnu++0x";
				CLANG_CXX_LIBRARY = "libc++";
				CLANG_ENABLE_MODULES = YES;
				CLANG_ENABLE_OBJC_ARC = YES;
				CLANG_WARN_BOOL_CONVERSION = YES;
				CLANG_WARN_CONSTANT_CONVERSION = YES;
				CLANG_WARN_DIRECT_OBJC_ISA_USAGE = YES_ERROR;
				CLANG_WARN_EMPTY_BODY = YES;
				CLANG_WARN_ENUM_CONVERSION = YES;
				CLANG_WARN_INT_CONVERSION = YES;
				CLANG_WARN_OBJC_ROOT_CLASS = YES_ERROR;
				CLANG_WARN_UNREACHABLE_CODE = YES;
				CLANG_WARN__DUPLICATE_METHOD_MATCH = YES;
				COPY_PHASE_STRIP = NO;
				DEBUG_INFORMATION_FORMAT = dwarf;
				ENABLE_STRICT_OBJC_MSGSEND = YES;
				ENABLE_TESTABILITY = YES;
				GCC_C_LANGUAGE_STANDARD = gnu99;
				GCC_DYNAMIC_NO_PIC = NO;
				GCC_NO_COMMON_BLOCKS = YES;
				GCC_OPTIMIZATION_LEVEL = 0;
				GCC_PREPROCESSOR_DEFINITIONS = (
					"DEBUG=1",
					"$(inherited)",
				);
				GCC_WARN_64_TO_32_BIT_CONVERSION = YES;
				GCC_WARN_ABOUT_RETURN_TYPE = YES_ERROR;
				GCC_WARN_UNDECLARED_SELECTOR = YES;
				GCC_WARN_UNINITIALIZED_AUTOS = YES_AGGRESSIVE;
				GCC_WARN_UNUSED_FUNCTION = YES;
				GCC_WARN_UNUSED_VARIABLE = YES;
				MTL_ENABLE_DEBUG_INFO = YES;
				ONLY_ACTIVE_ARCH = YES;
			};
			name = Debug;
		};
		1312FA1E1D4F835000214F58 /* Release */ = {
			isa = XCBuildConfiguration;
			buildSettings = {
				ALWAYS_SEARCH_USER_PATHS = NO;
				CLANG_ANALYZER_NONNULL = YES;
				CLANG_CXX_LANGUAGE_STANDARD = "gnu++0x";
				CLANG_CXX_LIBRARY = "libc++";
				CLANG_ENABLE_MODULES = YES;
				CLANG_ENABLE_OBJC_ARC = YES;
				CLANG_WARN_BOOL_CONVERSION = YES;
				CLANG_WARN_CONSTANT_CONVERSION = YES;
				CLANG_WARN_DIRECT_OBJC_ISA_USAGE = YES_ERROR;
				CLANG_WARN_EMPTY_BODY = YES;
				CLANG_WARN_ENUM_CONVERSION = YES;
				CLANG_WARN_INT_CONVERSION = YES;
				CLANG_WARN_OBJC_ROOT_CLASS = YES_ERROR;
				CLANG_WARN_UNREACHABLE_CODE = YES;
				CLANG_WARN__DUPLICATE_METHOD_MATCH = YES;
				COPY_PHASE_STRIP = NO;
				DEBUG_INFORMATION_FORMAT = "dwarf-with-dsym";
				ENABLE_NS_ASSERTIONS = NO;
				ENABLE_STRICT_OBJC_MSGSEND = YES;
				GCC_C_LANGUAGE_STANDARD = gnu99;
				GCC_NO_COMMON_BLOCKS = YES;
				GCC_WARN_64_TO_32_BIT_CONVERSION = YES;
				GCC_WARN_ABOUT_RETURN_TYPE = YES_ERROR;
				GCC_WARN_UNDECLARED_SELECTOR = YES;
				GCC_WARN_UNINITIALIZED_AUTOS = YES_AGGRESSIVE;
				GCC_WARN_UNUSED_FUNCTION = YES;
				GCC_WARN_UNUSED_VARIABLE = YES;
				MTL_ENABLE_DEBUG_INFO = NO;
			};
			name = Release;
		};
		1312FA201D4F835000214F58 /* Debug */ = {
			isa = XCBuildConfiguration;
			buildSettings = {
				DEBUGGING_SYMBOLS = YES;
				DEBUG_INFORMATION_FORMAT = dwarf;
				GCC_GENERATE_DEBUGGING_SYMBOLS = YES;
				GCC_OPTIMIZATION_LEVEL = 0;
				OTHER_CFLAGS = "";
				OTHER_LDFLAGS = "";
				PRODUCT_NAME = "$(TARGET_NAME)";
			};
			name = Debug;
		};
		1312FA211D4F835000214F58 /* Release */ = {
			isa = XCBuildConfiguration;
			buildSettings = {
				DEBUG_INFORMATION_FORMAT = "dwarf-with-dsym";
				OTHER_CFLAGS = "";
				OTHER_LDFLAGS = "";
				PRODUCT_NAME = "$(TARGET_NAME)";
			};
			name = Release;
		};
/* End XCBuildConfiguration section */

/* Begin XCConfigurationList section */
		1312FA1B1D4F835000214F58 /* Build configuration list for PBXProject "jimwlk" */ = {
			isa = XCConfigurationList;
			buildConfigurations = (
				1312FA1D1D4F835000214F58 /* Debug */,
				1312FA1E1D4F835000214F58 /* Release */,
			);
			defaultConfigurationIsVisible = 0;
			defaultConfigurationName = Release;
		};
		1312FA1F1D4F835000214F58 /* Build configuration list for PBXLegacyTarget "jimwlk" */ = {
			isa = XCConfigurationList;
			buildConfigurations = (
				1312FA201D4F835000214F58 /* Debug */,
				1312FA211D4F835000214F58 /* Release */,
			);
			defaultConfigurationIsVisible = 0;
			defaultConfigurationName = Release;
		};
/* End XCConfigurationList section */
	};
	rootObject = 1312FA181D4F835000214F58 /* Project object */;
}
